
Microsoft Visual Studio Solution File, Format Version 12.00
# Visual Studio Version 16
VisualStudioVersion = 16.0.31702.278
MinimumVisualStudioVersion = 10.0.40219.1
Project("{FAE04EC0-301F-11D3-BF4B-00C04F79EFBC}") = "DependencyInjection", "DependencyInjection\DependencyInjection.csproj", "{9D4A03B6-7417-4F81-AC71-4E27BD3A6F82}"
EndProject
Project("{FAE04EC0-301F-11D3-BF4B-00C04F79EFBC}") = "TestProject", "TestProject\TestProject.csproj", "{9B3A5723-5694-4DD8-A459-C20D635DAA95}"
EndProject
Global
	GlobalSection(SolutionConfigurationPlatforms) = preSolution
		Debug|Any CPU = Debug|Any CPU
		Release|Any CPU = Release|Any CPU
	EndGlobalSection
	GlobalSection(ProjectConfigurationPlatforms) = postSolution
		{9D4A03B6-7417-4F81-AC71-4E27BD3A6F82}.Debug|Any CPU.ActiveCfg = Debug|Any CPU
		{9D4A03B6-7417-4F81-AC71-4E27BD3A6F82}.Debug|Any CPU.Build.0 = Debug|Any CPU
		{9D4A03B6-7417-4F81-AC71-4E27BD3A6F82}.Release|Any CPU.ActiveCfg = Release|Any CPU
		{9D4A03B6-7417-4F81-AC71-4E27BD3A6F82}.Release|Any CPU.Build.0 = Release|Any CPU
		{9B3A5723-5694-4DD8-A459-C20D635DAA95}.Debug|Any CPU.ActiveCfg = Debug|Any CPU
		{9B3A5723-5694-4DD8-A459-C20D635DAA95}.Debug|Any CPU.Build.0 = Debug|Any CPU
		{9B3A5723-5694-4DD8-A459-C20D635DAA95}.Release|Any CPU.ActiveCfg = Release|Any CPU
		{9B3A5723-5694-4DD8-A459-C20D635DAA95}.Release|Any CPU.Build.0 = Release|Any CPU
	EndGlobalSection
	GlobalSection(SolutionProperties) = preSolution
		HideSolutionNode = FALSE
	EndGlobalSection
	GlobalSection(ExtensibilityGlobals) = postSolution
		SolutionGuid = {AA718053-D792-4643-8AC0-6E4B9C7320C8}
	EndGlobalSection
EndGlobal
